
Microsoft Visual Studio Solution File, Format Version 12.00
Project("{FAE04EC0-301F-11D3-BF4B-00C04F79EFBC}") = "MoneyLog.API", "MoneyLog.API\MoneyLog.API.csproj", "{82ECE6DC-6C0C-4EFD-B5E6-C089443B1D3F}"
EndProject
Project("{2150E333-8FDC-42A3-9474-1A3956D46DE8}") = "MoneyLog.Domain", "MoneyLog.Domain", "{7931C4CF-F74C-4030-8FD1-7BFF9D272F37}"
EndProject
Project("{FAE04EC0-301F-11D3-BF4B-00C04F79EFBC}") = "MoneyLog.Domain.LogEntry", "MoneyLog.Domain.LogEntry\MoneyLog.Domain.LogEntry.csproj", "{E7E4C5A6-1A71-4AC0-B9FC-17A4F5F7C906}"
EndProject
Project("{FAE04EC0-301F-11D3-BF4B-00C04F79EFBC}") = "MoneyLog.Domain.Common", "MoneyLog.Domain.Common\MoneyLog.Domain.Common.csproj", "{66E052E9-CBD5-47DE-B2D9-8693EA7CF367}"
EndProject
Project("{2150E333-8FDC-42A3-9474-1A3956D46DE8}") = "MoneyLog.Application", "MoneyLog.Application", "{1BCD15F7-BF91-4FF5-AE94-F3EE568A9508}"
EndProject
Project("{FAE04EC0-301F-11D3-BF4B-00C04F79EFBC}") = "MoneyLog.Application.Handlers", "MoneyLog.Application.Handlers\MoneyLog.Application.Handlers.csproj", "{1EBFC416-8B6A-4B6A-80E1-628C1E8B4EC8}"
EndProject
Project("{2150E333-8FDC-42A3-9474-1A3956D46DE8}") = "MoneyLog.Infrastructure", "MoneyLog.Infrastructure", "{2A6C7C39-3869-4AB9-9ED2-00FB72B17BEB}"
EndProject
Project("{FAE04EC0-301F-11D3-BF4B-00C04F79EFBC}") = "MoneyLog.Infrastructure.MongoDb", "MoneyLog.Infrastructure.MongoDb\MoneyLog.Infrastructure.MongoDb.csproj", "{39B2C444-3F7A-417C-9B24-E9B0E3D62261}"
EndProject
Global
	GlobalSection(SolutionConfigurationPlatforms) = preSolution
		Debug|Any CPU = Debug|Any CPU
		Release|Any CPU = Release|Any CPU
	EndGlobalSection
	GlobalSection(ProjectConfigurationPlatforms) = postSolution
		{82ECE6DC-6C0C-4EFD-B5E6-C089443B1D3F}.Debug|Any CPU.ActiveCfg = Debug|Any CPU
		{82ECE6DC-6C0C-4EFD-B5E6-C089443B1D3F}.Debug|Any CPU.Build.0 = Debug|Any CPU
		{82ECE6DC-6C0C-4EFD-B5E6-C089443B1D3F}.Release|Any CPU.ActiveCfg = Release|Any CPU
		{82ECE6DC-6C0C-4EFD-B5E6-C089443B1D3F}.Release|Any CPU.Build.0 = Release|Any CPU
		{E7E4C5A6-1A71-4AC0-B9FC-17A4F5F7C906}.Debug|Any CPU.ActiveCfg = Debug|Any CPU
		{E7E4C5A6-1A71-4AC0-B9FC-17A4F5F7C906}.Debug|Any CPU.Build.0 = Debug|Any CPU
		{E7E4C5A6-1A71-4AC0-B9FC-17A4F5F7C906}.Release|Any CPU.ActiveCfg = Release|Any CPU
		{E7E4C5A6-1A71-4AC0-B9FC-17A4F5F7C906}.Release|Any CPU.Build.0 = Release|Any CPU
		{66E052E9-CBD5-47DE-B2D9-8693EA7CF367}.Debug|Any CPU.ActiveCfg = Debug|Any CPU
		{66E052E9-CBD5-47DE-B2D9-8693EA7CF367}.Debug|Any CPU.Build.0 = Debug|Any CPU
		{66E052E9-CBD5-47DE-B2D9-8693EA7CF367}.Release|Any CPU.ActiveCfg = Release|Any CPU
		{66E052E9-CBD5-47DE-B2D9-8693EA7CF367}.Release|Any CPU.Build.0 = Release|Any CPU
		{1EBFC416-8B6A-4B6A-80E1-628C1E8B4EC8}.Debug|Any CPU.ActiveCfg = Debug|Any CPU
		{1EBFC416-8B6A-4B6A-80E1-628C1E8B4EC8}.Debug|Any CPU.Build.0 = Debug|Any CPU
		{1EBFC416-8B6A-4B6A-80E1-628C1E8B4EC8}.Release|Any CPU.ActiveCfg = Release|Any CPU
		{1EBFC416-8B6A-4B6A-80E1-628C1E8B4EC8}.Release|Any CPU.Build.0 = Release|Any CPU
		{39B2C444-3F7A-417C-9B24-E9B0E3D62261}.Debug|Any CPU.ActiveCfg = Debug|Any CPU
		{39B2C444-3F7A-417C-9B24-E9B0E3D62261}.Debug|Any CPU.Build.0 = Debug|Any CPU
		{39B2C444-3F7A-417C-9B24-E9B0E3D62261}.Release|Any CPU.ActiveCfg = Release|Any CPU
		{39B2C444-3F7A-417C-9B24-E9B0E3D62261}.Release|Any CPU.Build.0 = Release|Any CPU
	EndGlobalSection
	GlobalSection(NestedProjects) = preSolution
		{E7E4C5A6-1A71-4AC0-B9FC-17A4F5F7C906} = {7931C4CF-F74C-4030-8FD1-7BFF9D272F37}
		{66E052E9-CBD5-47DE-B2D9-8693EA7CF367} = {7931C4CF-F74C-4030-8FD1-7BFF9D272F37}
		{1EBFC416-8B6A-4B6A-80E1-628C1E8B4EC8} = {1BCD15F7-BF91-4FF5-AE94-F3EE568A9508}
		{39B2C444-3F7A-417C-9B24-E9B0E3D62261} = {2A6C7C39-3869-4AB9-9ED2-00FB72B17BEB}
	EndGlobalSection
EndGlobal
